
Microsoft Visual Studio Solution File, Format Version 12.00
# Visual Studio Version 16
VisualStudioVersion = 16.0.30104.148
MinimumVisualStudioVersion = 10.0.40219.1
Project("{FAE04EC0-301F-11D3-BF4B-00C04F79EFBC}") = "TheProject", "TheProject.csproj", "{832BE3DD-C1C1-4452-8263-D47B64F1CB6F}"
EndProject
Global
	GlobalSection(SolutionConfigurationPlatforms) = preSolution
		Debug|Any CPU = Debug|Any CPU
		Release|Any CPU = Release|Any CPU
	EndGlobalSection
	GlobalSection(ProjectConfigurationPlatforms) = postSolution
		{832BE3DD-C1C1-4452-8263-D47B64F1CB6F}.Debug|Any CPU.ActiveCfg = Debug|Any CPU
		{832BE3DD-C1C1-4452-8263-D47B64F1CB6F}.Debug|Any CPU.Build.0 = Debug|Any CPU
		{832BE3DD-C1C1-4452-8263-D47B64F1CB6F}.Release|Any CPU.ActiveCfg = Release|Any CPU
		{832BE3DD-C1C1-4452-8263-D47B64F1CB6F}.Release|Any CPU.Build.0 = Release|Any CPU
	EndGlobalSection
	GlobalSection(SolutionProperties) = preSolution
		HideSolutionNode = FALSE
	EndGlobalSection
	GlobalSection(ExtensibilityGlobals) = postSolution
		SolutionGuid = {3C1DC199-F4FA-429C-BE33-AB98A308B004}
	EndGlobalSection
EndGlobal
